
Microsoft Visual Studio Solution File, Format Version 12.00
# Visual Studio Version 16
VisualStudioVersion = 16.0.31624.102
MinimumVisualStudioVersion = 10.0.40219.1
Project("{9A19103F-16F7-4668-BE54-9A1E7A4F7556}") = "PensionDisbursementsMd3", "PensionDisbursementsMd3\PensionDisbursementsMd3.csproj", "{6BB4A1D2-332E-4F8D-B882-316143569160}"
EndProject
Global
	GlobalSection(SolutionConfigurationPlatforms) = preSolution
		Debug|Any CPU = Debug|Any CPU
		Release|Any CPU = Release|Any CPU
	EndGlobalSection
	GlobalSection(ProjectConfigurationPlatforms) = postSolution
		{6BB4A1D2-332E-4F8D-B882-316143569160}.Debug|Any CPU.ActiveCfg = Debug|Any CPU
		{6BB4A1D2-332E-4F8D-B882-316143569160}.Debug|Any CPU.Build.0 = Debug|Any CPU
		{6BB4A1D2-332E-4F8D-B882-316143569160}.Release|Any CPU.ActiveCfg = Release|Any CPU
		{6BB4A1D2-332E-4F8D-B882-316143569160}.Release|Any CPU.Build.0 = Release|Any CPU
	EndGlobalSection
	GlobalSection(SolutionProperties) = preSolution
		HideSolutionNode = FALSE
	EndGlobalSection
	GlobalSection(ExtensibilityGlobals) = postSolution
		SolutionGuid = {E2489B87-B8ED-4687-8D3D-19D1DF2186A5}
	EndGlobalSection
EndGlobal
